
Microsoft Visual Studio Solution File, Format Version 12.00
# Visual Studio 15
VisualStudioVersion = 15.0.27004.2009
MinimumVisualStudioVersion = 10.0.40219.1
Project("{F2A71F9B-5D33-465A-A702-920D77279786}") = "Homework2Functions", "Homework2Functions\Homework2Functions.fsproj", "{0372602B-3D62-41F7-AC66-6057679D9172}"
EndProject
Global
	GlobalSection(SolutionConfigurationPlatforms) = preSolution
		Debug|Any CPU = Debug|Any CPU
		Release|Any CPU = Release|Any CPU
	EndGlobalSection
	GlobalSection(ProjectConfigurationPlatforms) = postSolution
		{0372602B-3D62-41F7-AC66-6057679D9172}.Debug|Any CPU.ActiveCfg = Debug|Any CPU
		{0372602B-3D62-41F7-AC66-6057679D9172}.Debug|Any CPU.Build.0 = Debug|Any CPU
		{0372602B-3D62-41F7-AC66-6057679D9172}.Release|Any CPU.ActiveCfg = Release|Any CPU
		{0372602B-3D62-41F7-AC66-6057679D9172}.Release|Any CPU.Build.0 = Release|Any CPU
	EndGlobalSection
	GlobalSection(SolutionProperties) = preSolution
		HideSolutionNode = FALSE
	EndGlobalSection
	GlobalSection(ExtensibilityGlobals) = postSolution
		SolutionGuid = {F4AD55A0-CE30-438C-B604-AFE986BD4FA5}
	EndGlobalSection
EndGlobal
